// !$*UTF8*$!
{
	archiveVersion = 1;
	classes = {
	};
	objectVersion = 51;
	objects = {

/* Begin PBXBuildFile section */
		11271E142338ED43008360FA /* LaunchScreen.storyboard in Resources */ = {isa = PBXBuildFile; fileRef = 11271E132338ED43008360FA /* LaunchScreen.storyboard */; };
		9089392C5D2F78106044DDD0 /* libPods-XiaoBangInsuranceProject.a in Frameworks */ = {isa = PBXBuildFile; fileRef = FDFBDBBCA949248839212FDB /* libPods-XiaoBangInsuranceProject.a */; };
		A8CAF7F822FC2E0700E9D180 /* AppDelegate.m in Sources */ = {isa = PBXBuildFile; fileRef = A8CAF7F722FC2E0700E9D180 /* AppDelegate.m */; };
		A8CAF80022FC2E0700E9D180 /* Assets.xcassets in Resources */ = {isa = PBXBuildFile; fileRef = A8CAF7FF22FC2E0700E9D180 /* Assets.xcassets */; };
		A8CAF80622FC2E0700E9D180 /* main.m in Sources */ = {isa = PBXBuildFile; fileRef = A8CAF80522FC2E0700E9D180 /* main.m */; };
		A8CAF81022FC2E0800E9D180 /* XiaoBangInsuranceProjectUITests.m in Sources */ = {isa = PBXBuildFile; fileRef = A8CAF80F22FC2E0800E9D180 /* XiaoBangInsuranceProjectUITests.m */; };
/* End PBXBuildFile section */

/* Begin PBXContainerItemProxy section */
		A8CAF80C22FC2E0800E9D180 /* PBXContainerItemProxy */ = {
			isa = PBXContainerItemProxy;
			containerPortal = A8CAF7EB22FC2E0700E9D180 /* Project object */;
			proxyType = 1;
			remoteGlobalIDString = A8CAF7F222FC2E0700E9D180;
			remoteInfo = XiaoBangInsuranceProject;
		};
/* End PBXContainerItemProxy section */

/* Begin PBXFileReference section */
		00F192CBA8349D0D26BFBD69 /* Pods-XiaoBangInsuranceProject.debug.xcconfig */ = {isa = PBXFileReference; includeInIndex = 1; lastKnownFileType = text.xcconfig; name = "Pods-XiaoBangInsuranceProject.debug.xcconfig"; path = "Target Support Files/Pods-XiaoBangInsuranceProject/Pods-XiaoBangInsuranceProject.debug.xcconfig"; sourceTree = "<group>"; };
		11271E132338ED43008360FA /* LaunchScreen.storyboard */ = {isa = PBXFileReference; fileEncoding = 4; lastKnownFileType = file.storyboard; path = LaunchScreen.storyboard; sourceTree = "<group>"; };
		9FB92D37264F1CE4DBD8D99C /* Pods-XiaoBangInsuranceProject.release.xcconfig */ = {isa = PBXFileReference; includeInIndex = 1; lastKnownFileType = text.xcconfig; name = "Pods-XiaoBangInsuranceProject.release.xcconfig"; path = "Target Support Files/Pods-XiaoBangInsuranceProject/Pods-XiaoBangInsuranceProject.release.xcconfig"; sourceTree = "<group>"; };
		A8CAF7F322FC2E0700E9D180 /* XiaoBangInsuranceProject.app */ = {isa = PBXFileReference; explicitFileType = wrapper.application; includeInIndex = 0; path = XiaoBangInsuranceProject.app; sourceTree = BUILT_PRODUCTS_DIR; };
		A8CAF7F622FC2E0700E9D180 /* AppDelegate.h */ = {isa = PBXFileReference; lastKnownFileType = sourcecode.c.h; path = AppDelegate.h; sourceTree = "<group>"; };
		A8CAF7F722FC2E0700E9D180 /* AppDelegate.m */ = {isa = PBXFileReference; lastKnownFileType = sourcecode.c.objc; path = AppDelegate.m; sourceTree = "<group>"; };
		A8CAF7FF22FC2E0700E9D180 /* Assets.xcassets */ = {isa = PBXFileReference; lastKnownFileType = folder.assetcatalog; path = Assets.xcassets; sourceTree = "<group>"; };
		A8CAF80422FC2E0700E9D180 /* Info.plist */ = {isa = PBXFileReference; lastKnownFileType = text.plist.xml; path = Info.plist; sourceTree = "<group>"; };
		A8CAF80522FC2E0700E9D180 /* main.m */ = {isa = PBXFileReference; lastKnownFileType = sourcecode.c.objc; path = main.m; sourceTree = "<group>"; };
		A8CAF80B22FC2E0800E9D180 /* XiaoBangInsuranceProjectUITests.xctest */ = {isa = PBXFileReference; explicitFileType = wrapper.cfbundle; includeInIndex = 0; path = XiaoBangInsuranceProjectUITests.xctest; sourceTree = BUILT_PRODUCTS_DIR; };
		A8CAF80F22FC2E0800E9D180 /* XiaoBangInsuranceProjectUITests.m */ = {isa = PBXFileReference; lastKnownFileType = sourcecode.c.objc; path = XiaoBangInsuranceProjectUITests.m; sourceTree = "<group>"; };
		A8CAF81122FC2E0800E9D180 /* Info.plist */ = {isa = PBXFileReference; lastKnownFileType = text.plist.xml; path = Info.plist; sourceTree = "<group>"; };
		FDFBDBBCA949248839212FDB /* libPods-XiaoBangInsuranceProject.a */ = {isa = PBXFileReference; explicitFileType = archive.ar; includeInIndex = 0; path = "libPods-XiaoBangInsuranceProject.a"; sourceTree = BUILT_PRODUCTS_DIR; };
/* End PBXFileReference section */

/* Begin PBXFrameworksBuildPhase section */
		A8CAF7F022FC2E0700E9D180 /* Frameworks */ = {
			isa = PBXFrameworksBuildPhase;
			buildActionMask = 2147483647;
			files = (
				9089392C5D2F78106044DDD0 /* libPods-XiaoBangInsuranceProject.a in Frameworks */,
			);
			runOnlyForDeploymentPostprocessing = 0;
		};
		A8CAF80822FC2E0800E9D180 /* Frameworks */ = {
			isa = PBXFrameworksBuildPhase;
			buildActionMask = 2147483647;
			files = (
			);
			runOnlyForDeploymentPostprocessing = 0;
		};
/* End PBXFrameworksBuildPhase section */

/* Begin PBXGroup section */
		0B1EED997F86EBA1F7D20A05 /* Frameworks */ = {
			isa = PBXGroup;
			children = (
				FDFBDBBCA949248839212FDB /* libPods-XiaoBangInsuranceProject.a */,
			);
			name = Frameworks;
			sourceTree = "<group>";
		};
		A8CAF7EA22FC2E0700E9D180 = {
			isa = PBXGroup;
			children = (
				A8CAF7F522FC2E0700E9D180 /* XiaoBangInsuranceProject */,
				A8CAF80E22FC2E0800E9D180 /* XiaoBangInsuranceProjectUITests */,
				A8CAF7F422FC2E0700E9D180 /* Products */,
				BC8FC74B72B04427A257C15A /* Pods */,
				0B1EED997F86EBA1F7D20A05 /* Frameworks */,
			);
			sourceTree = "<group>";
		};
		A8CAF7F422FC2E0700E9D180 /* Products */ = {
			isa = PBXGroup;
			children = (
				A8CAF7F322FC2E0700E9D180 /* XiaoBangInsuranceProject.app */,
				A8CAF80B22FC2E0800E9D180 /* XiaoBangInsuranceProjectUITests.xctest */,
			);
			name = Products;
			sourceTree = "<group>";
		};
		A8CAF7F522FC2E0700E9D180 /* XiaoBangInsuranceProject */ = {
			isa = PBXGroup;
			children = (
				A8D4DE6B2308FEB900C14215 /* Appdelegate */,
				A8CAF7FF22FC2E0700E9D180 /* Assets.xcassets */,
				A8CAF80422FC2E0700E9D180 /* Info.plist */,
				A8CAF80522FC2E0700E9D180 /* main.m */,
				11271E132338ED43008360FA /* LaunchScreen.storyboard */,
			);
			path = XiaoBangInsuranceProject;
			sourceTree = "<group>";
		};
		A8CAF80E22FC2E0800E9D180 /* XiaoBangInsuranceProjectUITests */ = {
			isa = PBXGroup;
			children = (
				A8CAF80F22FC2E0800E9D180 /* XiaoBangInsuranceProjectUITests.m */,
				A8CAF81122FC2E0800E9D180 /* Info.plist */,
			);
			path = XiaoBangInsuranceProjectUITests;
			sourceTree = "<group>";
		};
		A8D4DE6B2308FEB900C14215 /* Appdelegate */ = {
			isa = PBXGroup;
			children = (
				A8CAF7F622FC2E0700E9D180 /* AppDelegate.h */,
				A8CAF7F722FC2E0700E9D180 /* AppDelegate.m */,
			);
			path = Appdelegate;
			sourceTree = "<group>";
		};
		BC8FC74B72B04427A257C15A /* Pods */ = {
			isa = PBXGroup;
			children = (
				00F192CBA8349D0D26BFBD69 /* Pods-XiaoBangInsuranceProject.debug.xcconfig */,
				9FB92D37264F1CE4DBD8D99C /* Pods-XiaoBangInsuranceProject.release.xcconfig */,
			);
			path = Pods;
			sourceTree = "<group>";
		};
/* End PBXGroup section */

/* Begin PBXNativeTarget section */
		A8CAF7F222FC2E0700E9D180 /* XiaoBangInsuranceProject */ = {
			isa = PBXNativeTarget;
			buildConfigurationList = A8CAF81422FC2E0800E9D180 /* Build configuration list for PBXNativeTarget "XiaoBangInsuranceProject" */;
			buildPhases = (
				07944B551FAE0522B748268A /* [CP] Check Pods Manifest.lock */,
				A8CAF7EF22FC2E0700E9D180 /* Sources */,
				A8CAF7F022FC2E0700E9D180 /* Frameworks */,
				A8CAF7F122FC2E0700E9D180 /* Resources */,
				F2F760F174588FD8FE44DE2E /* [CP] Copy Pods Resources */,
			);
			buildRules = (
			);
			dependencies = (
			);
			name = XiaoBangInsuranceProject;
			productName = XiaoBangInsuranceProject;
			productReference = A8CAF7F322FC2E0700E9D180 /* XiaoBangInsuranceProject.app */;
			productType = "com.apple.product-type.application";
		};
		A8CAF80A22FC2E0800E9D180 /* XiaoBangInsuranceProjectUITests */ = {
			isa = PBXNativeTarget;
			buildConfigurationList = A8CAF81722FC2E0800E9D180 /* Build configuration list for PBXNativeTarget "XiaoBangInsuranceProjectUITests" */;
			buildPhases = (
				A8CAF80722FC2E0800E9D180 /* Sources */,
				A8CAF80822FC2E0800E9D180 /* Frameworks */,
				A8CAF80922FC2E0800E9D180 /* Resources */,
			);
			buildRules = (
			);
			dependencies = (
				A8CAF80D22FC2E0800E9D180 /* PBXTargetDependency */,
			);
			name = XiaoBangInsuranceProjectUITests;
			productName = XiaoBangInsuranceProjectUITests;
			productReference = A8CAF80B22FC2E0800E9D180 /* XiaoBangInsuranceProjectUITests.xctest */;
			productType = "com.apple.product-type.bundle.ui-testing";
		};
/* End PBXNativeTarget section */

/* Begin PBXProject section */
		A8CAF7EB22FC2E0700E9D180 /* Project object */ = {
			isa = PBXProject;
			attributes = {
				CLASSPREFIX = XB;
				LastUpgradeCheck = 1030;
				ORGANIZATIONNAME = www.xiaobangtouzi.com;
				TargetAttributes = {
					A8CAF7F222FC2E0700E9D180 = {
						CreatedOnToolsVersion = 10.3;
					};
					A8CAF80A22FC2E0800E9D180 = {
						CreatedOnToolsVersion = 10.3;
						TestTargetID = A8CAF7F222FC2E0700E9D180;
					};
				};
			};
			buildConfigurationList = A8CAF7EE22FC2E0700E9D180 /* Build configuration list for PBXProject "XiaoBangInsuranceProject" */;
			compatibilityVersion = "Xcode 9.3";
			developmentRegion = en;
			hasScannedForEncodings = 0;
			knownRegions = (
				en,
				Base,
			);
			mainGroup = A8CAF7EA22FC2E0700E9D180;
			productRefGroup = A8CAF7F422FC2E0700E9D180 /* Products */;
			projectDirPath = "";
			projectRoot = "";
			targets = (
				A8CAF7F222FC2E0700E9D180 /* XiaoBangInsuranceProject */,
				A8CAF80A22FC2E0800E9D180 /* XiaoBangInsuranceProjectUITests */,
			);
		};
/* End PBXProject section */

/* Begin PBXResourcesBuildPhase section */
		A8CAF7F122FC2E0700E9D180 /* Resources */ = {
			isa = PBXResourcesBuildPhase;
			buildActionMask = 2147483647;
			files = (
				A8CAF80022FC2E0700E9D180 /* Assets.xcassets in Resources */,
				11271E142338ED43008360FA /* LaunchScreen.storyboard in Resources */,
			);
			runOnlyForDeploymentPostprocessing = 0;
		};
		A8CAF80922FC2E0800E9D180 /* Resources */ = {
			isa = PBXResourcesBuildPhase;
			buildActionMask = 2147483647;
			files = (
			);
			runOnlyForDeploymentPostprocessing = 0;
		};
/* End PBXResourcesBuildPhase section */

/* Begin PBXShellScriptBuildPhase section */
		07944B551FAE0522B748268A /* [CP] Check Pods Manifest.lock */ = {
			isa = PBXShellScriptBuildPhase;
			buildActionMask = 2147483647;
			files = (
			);
			inputFileListPaths = (
			);
			inputPaths = (
				"${PODS_PODFILE_DIR_PATH}/Podfile.lock",
				"${PODS_ROOT}/Manifest.lock",
			);
			name = "[CP] Check Pods Manifest.lock";
			outputFileListPaths = (
			);
			outputPaths = (
				"$(DERIVED_FILE_DIR)/Pods-XiaoBangInsuranceProject-checkManifestLockResult.txt",
			);
			runOnlyForDeploymentPostprocessing = 0;
			shellPath = /bin/sh;
			shellScript = "diff \"${PODS_PODFILE_DIR_PATH}/Podfile.lock\" \"${PODS_ROOT}/Manifest.lock\" > /dev/null\nif [ $? != 0 ] ; then\n    # print error to STDERR\n    echo \"error: The sandbox is not in sync with the Podfile.lock. Run 'pod install' or update your CocoaPods installation.\" >&2\n    exit 1\nfi\n# This output is used by Xcode 'outputs' to avoid re-running this script phase.\necho \"SUCCESS\" > \"${SCRIPT_OUTPUT_FILE_0}\"\n";
			showEnvVarsInLog = 0;
		};
		F2F760F174588FD8FE44DE2E /* [CP] Copy Pods Resources */ = {
			isa = PBXShellScriptBuildPhase;
			buildActionMask = 2147483647;
			files = (
			);
			inputFileListPaths = (
				"${PODS_ROOT}/Target Support Files/Pods-XiaoBangInsuranceProject/Pods-XiaoBangInsuranceProject-resources-${CONFIGURATION}-input-files.xcfilelist",
			);
			name = "[CP] Copy Pods Resources";
			outputFileListPaths = (
				"${PODS_ROOT}/Target Support Files/Pods-XiaoBangInsuranceProject/Pods-XiaoBangInsuranceProject-resources-${CONFIGURATION}-output-files.xcfilelist",
			);
			runOnlyForDeploymentPostprocessing = 0;
			shellPath = /bin/sh;
			shellScript = "\"${PODS_ROOT}/Target Support Files/Pods-XiaoBangInsuranceProject/Pods-XiaoBangInsuranceProject-resources.sh\"\n";
			showEnvVarsInLog = 0;
		};
/* End PBXShellScriptBuildPhase section */

/* Begin PBXSourcesBuildPhase section */
		A8CAF7EF22FC2E0700E9D180 /* Sources */ = {
			isa = PBXSourcesBuildPhase;
			buildActionMask = 2147483647;
			files = (
				A8CAF80622FC2E0700E9D180 /* main.m in Sources */,
				A8CAF7F822FC2E0700E9D180 /* AppDelegate.m in Sources */,
			);
			runOnlyForDeploymentPostprocessing = 0;
		};
		A8CAF80722FC2E0800E9D180 /* Sources */ = {
			isa = PBXSourcesBuildPhase;
			buildActionMask = 2147483647;
			files = (
				A8CAF81022FC2E0800E9D180 /* XiaoBangInsuranceProjectUITests.m in Sources */,
			);
			runOnlyForDeploymentPostprocessing = 0;
		};
/* End PBXSourcesBuildPhase section */

/* Begin PBXTargetDependency section */
		A8CAF80D22FC2E0800E9D180 /* PBXTargetDependency */ = {
			isa = PBXTargetDependency;
			target = A8CAF7F222FC2E0700E9D180 /* XiaoBangInsuranceProject */;
			targetProxy = A8CAF80C22FC2E0800E9D180 /* PBXContainerItemProxy */;
		};
/* End PBXTargetDependency section */

/* Begin XCBuildConfiguration section */
		A8CAF81222FC2E0800E9D180 /* Debug */ = {
			isa = XCBuildConfiguration;
			buildSettings = {
				ALWAYS_SEARCH_USER_PATHS = NO;
				CLANG_ANALYZER_NONNULL = YES;
				CLANG_ANALYZER_NUMBER_OBJECT_CONVERSION = YES_AGGRESSIVE;
				CLANG_CXX_LANGUAGE_STANDARD = "gnu++14";
				CLANG_CXX_LIBRARY = "libc++";
				CLANG_ENABLE_MODULES = YES;
				CLANG_ENABLE_OBJC_ARC = YES;
				CLANG_ENABLE_OBJC_WEAK = YES;
				CLANG_WARN_BLOCK_CAPTURE_AUTORELEASING = YES;
				CLANG_WARN_BOOL_CONVERSION = YES;
				CLANG_WARN_COMMA = YES;
				CLANG_WARN_CONSTANT_CONVERSION = YES;
				CLANG_WARN_DEPRECATED_OBJC_IMPLEMENTATIONS = YES;
				CLANG_WARN_DIRECT_OBJC_ISA_USAGE = YES_ERROR;
				CLANG_WARN_DOCUMENTATION_COMMENTS = YES;
				CLANG_WARN_EMPTY_BODY = YES;
				CLANG_WARN_ENUM_CONVERSION = YES;
				CLANG_WARN_INFINITE_RECURSION = YES;
				CLANG_WARN_INT_CONVERSION = YES;
				CLANG_WARN_NON_LITERAL_NULL_CONVERSION = YES;
				CLANG_WARN_OBJC_IMPLICIT_RETAIN_SELF = YES;
				CLANG_WARN_OBJC_LITERAL_CONVERSION = YES;
				CLANG_WARN_OBJC_ROOT_CLASS = YES_ERROR;
				CLANG_WARN_RANGE_LOOP_ANALYSIS = YES;
				CLANG_WARN_STRICT_PROTOTYPES = YES;
				CLANG_WARN_SUSPICIOUS_MOVE = YES;
				CLANG_WARN_UNGUARDED_AVAILABILITY = YES_AGGRESSIVE;
				CLANG_WARN_UNREACHABLE_CODE = YES;
				CLANG_WARN__DUPLICATE_METHOD_MATCH = YES;
				CODE_SIGN_IDENTITY = "iPhone Developer";
				COPY_PHASE_STRIP = NO;
				DEBUG_INFORMATION_FORMAT = dwarf;
				ENABLE_STRICT_OBJC_MSGSEND = YES;
				ENABLE_TESTABILITY = YES;
				GCC_C_LANGUAGE_STANDARD = gnu11;
				GCC_DYNAMIC_NO_PIC = NO;
				GCC_NO_COMMON_BLOCKS = YES;
				GCC_OPTIMIZATION_LEVEL = 0;
				GCC_PREPROCESSOR_DEFINITIONS = (
					"DEBUG=1",
					"$(inherited)",
				);
				GCC_WARN_64_TO_32_BIT_CONVERSION = YES;
				GCC_WARN_ABOUT_RETURN_TYPE = YES_ERROR;
				GCC_WARN_UNDECLARED_SELECTOR = YES;
				GCC_WARN_UNINITIALIZED_AUTOS = YES_AGGRESSIVE;
				GCC_WARN_UNUSED_FUNCTION = YES;
				GCC_WARN_UNUSED_VARIABLE = YES;
				IPHONEOS_DEPLOYMENT_TARGET = 9.0;
				MTL_ENABLE_DEBUG_INFO = INCLUDE_SOURCE;
				MTL_FAST_MATH = YES;
				ONLY_ACTIVE_ARCH = NO;
				SDKROOT = iphoneos;
			};
			name = Debug;
		};
		A8CAF81322FC2E0800E9D180 /* Release */ = {
			isa = XCBuildConfiguration;
			buildSettings = {
				ALWAYS_SEARCH_USER_PATHS = NO;
				CLANG_ANALYZER_NONNULL = YES;
				CLANG_ANALYZER_NUMBER_OBJECT_CONVERSION = YES_AGGRESSIVE;
				CLANG_CXX_LANGUAGE_STANDARD = "gnu++14";
				CLANG_CXX_LIBRARY = "libc++";
				CLANG_ENABLE_MODULES = YES;
				CLANG_ENABLE_OBJC_ARC = YES;
				CLANG_ENABLE_OBJC_WEAK = YES;
				CLANG_WARN_BLOCK_CAPTURE_AUTORELEASING = YES;
				CLANG_WARN_BOOL_CONVERSION = YES;
				CLANG_WARN_COMMA = YES;
				CLANG_WARN_CONSTANT_CONVERSION = YES;
				CLANG_WARN_DEPRECATED_OBJC_IMPLEMENTATIONS = YES;
				CLANG_WARN_DIRECT_OBJC_ISA_USAGE = YES_ERROR;
				CLANG_WARN_DOCUMENTATION_COMMENTS = YES;
				CLANG_WARN_EMPTY_BODY = YES;
				CLANG_WARN_ENUM_CONVERSION = YES;
				CLANG_WARN_INFINITE_RECURSION = YES;
				CLANG_WARN_INT_CONVERSION = YES;
				CLANG_WARN_NON_LITERAL_NULL_CONVERSION = YES;
				CLANG_WARN_OBJC_IMPLICIT_RETAIN_SELF = YES;
				CLANG_WARN_OBJC_LITERAL_CONVERSION = YES;
				CLANG_WARN_OBJC_ROOT_CLASS = YES_ERROR;
				CLANG_WARN_RANGE_LOOP_ANALYSIS = YES;
				CLANG_WARN_STRICT_PROTOTYPES = YES;
				CLANG_WARN_SUSPICIOUS_MOVE = YES;
				CLANG_WARN_UNGUARDED_AVAILABILITY = YES_AGGRESSIVE;
				CLANG_WARN_UNREACHABLE_CODE = YES;
				CLANG_WARN__DUPLICATE_METHOD_MATCH = YES;
				CODE_SIGN_IDENTITY = "iPhone Developer";
				COPY_PHASE_STRIP = NO;
				DEBUG_INFORMATION_FORMAT = "dwarf-with-dsym";
				ENABLE_NS_ASSERTIONS = NO;
				ENABLE_STRICT_OBJC_MSGSEND = YES;
				GCC_C_LANGUAGE_STANDARD = gnu11;
				GCC_NO_COMMON_BLOCKS = YES;
				GCC_WARN_64_TO_32_BIT_CONVERSION = YES;
				GCC_WARN_ABOUT_RETURN_TYPE = YES_ERROR;
				GCC_WARN_UNDECLARED_SELECTOR = YES;
				GCC_WARN_UNINITIALIZED_AUTOS = YES_AGGRESSIVE;
				GCC_WARN_UNUSED_FUNCTION = YES;
				GCC_WARN_UNUSED_VARIABLE = YES;
				IPHONEOS_DEPLOYMENT_TARGET = 9.0;
				MTL_ENABLE_DEBUG_INFO = NO;
				MTL_FAST_MATH = YES;
				SDKROOT = iphoneos;
				VALIDATE_PRODUCT = YES;
			};
			name = Release;
		};
		A8CAF81522FC2E0800E9D180 /* Debug */ = {
			isa = XCBuildConfiguration;
			baseConfigurationReference = 00F192CBA8349D0D26BFBD69 /* Pods-XiaoBangInsuranceProject.debug.xcconfig */;
			buildSettings = {
				ASSETCATALOG_COMPILER_APPICON_NAME = AppIcon;
				ASSETCATALOG_COMPILER_LAUNCHIMAGE_NAME = LaunchImage;
				CODE_SIGN_IDENTITY = "iPhone Developer";
				CODE_SIGN_STYLE = Automatic;
				DEVELOPMENT_TEAM = R3J69D8STH;
				ENABLE_BITCODE = NO;
				GCC_PREFIX_HEADER = "";
				INFOPLIST_FILE = XiaoBangInsuranceProject/Info.plist;
				IPHONEOS_DEPLOYMENT_TARGET = 9.0;
				LD_RUNPATH_SEARCH_PATHS = (
					"$(inherited)",
					"@executable_path/Frameworks",
				);
				ONLY_ACTIVE_ARCH = YES;
				OTHER_LDFLAGS = (
					"$(inherited)",
					"-ObjC",
					"-l\"QMUIKit\"",
					"-all_load",
					"-Objc",
				);
				PRODUCT_BUNDLE_IDENTIFIER = cn.hanbb.www.;
				PRODUCT_NAME = "$(TARGET_NAME)";
				PROVISIONING_PROFILE_SPECIFIER = "";
				TARGETED_DEVICE_FAMILY = "1,2";
			};
			name = Debug;
		};
		A8CAF81622FC2E0800E9D180 /* Release */ = {
			isa = XCBuildConfiguration;
			baseConfigurationReference = 9FB92D37264F1CE4DBD8D99C /* Pods-XiaoBangInsuranceProject.release.xcconfig */;
			buildSettings = {
				ASSETCATALOG_COMPILER_APPICON_NAME = AppIcon;
				ASSETCATALOG_COMPILER_LAUNCHIMAGE_NAME = LaunchImage;
				CODE_SIGN_IDENTITY = "iPhone Developer";
				CODE_SIGN_STYLE = Automatic;
				DEVELOPMENT_TEAM = R3J69D8STH;
				ENABLE_BITCODE = NO;
				GCC_PREFIX_HEADER = "";
				INFOPLIST_FILE = XiaoBangInsuranceProject/Info.plist;
				IPHONEOS_DEPLOYMENT_TARGET = 9.0;
				LD_RUNPATH_SEARCH_PATHS = (
					"$(inherited)",
					"@executable_path/Frameworks",
				);
				ONLY_ACTIVE_ARCH = YES;
				OTHER_LDFLAGS = (
					"$(inherited)",
					"-ObjC",
					"-l\"QMUIKit\"",
					"-all_load",
					"-Objc",
				);
				PRODUCT_BUNDLE_IDENTIFIER = cn.hanbb.www.;
				PRODUCT_NAME = "$(TARGET_NAME)";
				PROVISIONING_PROFILE_SPECIFIER = "";
				TARGETED_DEVICE_FAMILY = "1,2";
			};
			name = Release;
		};
		A8CAF81822FC2E0800E9D180 /* Debug */ = {
			isa = XCBuildConfiguration;
			buildSettings = {
				CODE_SIGN_STYLE = Automatic;
				DEVELOPMENT_TEAM = R3J69D8STH;
				INFOPLIST_FILE = XiaoBangInsuranceProjectUITests/Info.plist;
				LD_RUNPATH_SEARCH_PATHS = (
					"$(inherited)",
					"@executable_path/Frameworks",
					"@loader_path/Frameworks",
				);
				PRODUCT_BUNDLE_IDENTIFIER = cn.XiaoBangBaoXian.www.XiaoBangInsuranceProjectUITests;
				PRODUCT_NAME = "$(TARGET_NAME)";
				TARGETED_DEVICE_FAMILY = "1,2";
				TEST_TARGET_NAME = XiaoBangInsuranceProject;
			};
			name = Debug;
		};
		A8CAF81922FC2E0800E9D180 /* Release */ = {
			isa = XCBuildConfiguration;
			buildSettings = {
				CODE_SIGN_STYLE = Automatic;
				DEVELOPMENT_TEAM = R3J69D8STH;
				INFOPLIST_FILE = XiaoBangInsuranceProjectUITests/Info.plist;
				LD_RUNPATH_SEARCH_PATHS = (
					"$(inherited)",
					"@executable_path/Frameworks",
					"@loader_path/Frameworks",
				);
				PRODUCT_BUNDLE_IDENTIFIER = cn.XiaoBangBaoXian.www.XiaoBangInsuranceProjectUITests;
				PRODUCT_NAME = "$(TARGET_NAME)";
				TARGETED_DEVICE_FAMILY = "1,2";
				TEST_TARGET_NAME = XiaoBangInsuranceProject;
			};
			name = Release;
		};
/* End XCBuildConfiguration section */

/* Begin XCConfigurationList section */
		A8CAF7EE22FC2E0700E9D180 /* Build configuration list for PBXProject "XiaoBangInsuranceProject" */ = {
			isa = XCConfigurationList;
			buildConfigurations = (
				A8CAF81222FC2E0800E9D180 /* Debug */,
				A8CAF81322FC2E0800E9D180 /* Release */,
			);
			defaultConfigurationIsVisible = 0;
			defaultConfigurationName = Debug;
		};
		A8CAF81422FC2E0800E9D180 /* Build configuration list for PBXNativeTarget "XiaoBangInsuranceProject" */ = {
			isa = XCConfigurationList;
			buildConfigurations = (
				A8CAF81522FC2E0800E9D180 /* Debug */,
				A8CAF81622FC2E0800E9D180 /* Release */,
			);
			defaultConfigurationIsVisible = 0;
			defaultConfigurationName = Debug;
		};
		A8CAF81722FC2E0800E9D180 /* Build configuration list for PBXNativeTarget "XiaoBangInsuranceProjectUITests" */ = {
			isa = XCConfigurationList;
			buildConfigurations = (
				A8CAF81822FC2E0800E9D180 /* Debug */,
				A8CAF81922FC2E0800E9D180 /* Release */,
			);
			defaultConfigurationIsVisible = 0;
			defaultConfigurationName = Debug;
		};
/* End XCConfigurationList section */
	};
	rootObject = A8CAF7EB22FC2E0700E9D180 /* Project object */;
}
